
Microsoft Visual Studio Solution File, Format Version 12.00
# Visual Studio 14
VisualStudioVersion = 14.0.25123.0
MinimumVisualStudioVersion = 10.0.40219.1
Project("{FAE04EC0-301F-11D3-BF4B-00C04F79EFBC}") = "ObjectToDB.Contracts", "ObjectToDB.Contracts\ObjectToDB.Contracts.csproj", "{C0445005-46C5-44E3-866C-9BAB9453F177}"
EndProject
Project("{FAE04EC0-301F-11D3-BF4B-00C04F79EFBC}") = "ObjectToDB.Console", "ObjectToDB.Console\ObjectToDB.Console.csproj", "{A7C5FFA7-F864-4AC1-8930-1EFAF3D1AACD}"
EndProject
Global
	GlobalSection(SolutionConfigurationPlatforms) = preSolution
		Debug|Any CPU = Debug|Any CPU
		Release|Any CPU = Release|Any CPU
	EndGlobalSection
	GlobalSection(ProjectConfigurationPlatforms) = postSolution
		{C0445005-46C5-44E3-866C-9BAB9453F177}.Debug|Any CPU.ActiveCfg = Debug|Any CPU
		{C0445005-46C5-44E3-866C-9BAB9453F177}.Debug|Any CPU.Build.0 = Debug|Any CPU
		{C0445005-46C5-44E3-866C-9BAB9453F177}.Release|Any CPU.ActiveCfg = Release|Any CPU
		{C0445005-46C5-44E3-866C-9BAB9453F177}.Release|Any CPU.Build.0 = Release|Any CPU
		{A7C5FFA7-F864-4AC1-8930-1EFAF3D1AACD}.Debug|Any CPU.ActiveCfg = Debug|Any CPU
		{A7C5FFA7-F864-4AC1-8930-1EFAF3D1AACD}.Debug|Any CPU.Build.0 = Debug|Any CPU
		{A7C5FFA7-F864-4AC1-8930-1EFAF3D1AACD}.Release|Any CPU.ActiveCfg = Release|Any CPU
		{A7C5FFA7-F864-4AC1-8930-1EFAF3D1AACD}.Release|Any CPU.Build.0 = Release|Any CPU
	EndGlobalSection
	GlobalSection(SolutionProperties) = preSolution
		HideSolutionNode = FALSE
	EndGlobalSection
EndGlobal
